# THIS IS AN AUTOGENERATED FILE. DO NOT EDIT THIS FILE DIRECTLY.
# yarn lockfile v1


"@bitcoinerlab/secp256k1@^1.0.2":
  version "1.0.5"
  resolved "https://registry.npmjs.org/@bitcoinerlab/secp256k1/-/secp256k1-1.0.5.tgz"
  integrity sha512-8gT+ukTCFN2rTxn4hD9Jq3k+UJwcprgYjfK/SQUSLgznXoIgsBnlPuARMkyyuEjycQK9VvnPiejKdszVTflh+w==
  dependencies:
    "@noble/hashes" "^1.1.5"
    "@noble/secp256k1" "^1.7.1"

"@noble/hashes@^1.1.5", "@noble/hashes@^1.2.0":
  version "1.3.3"
  resolved "https://registry.npmjs.org/@noble/hashes/-/hashes-1.3.3.tgz"
  integrity sha512-V7/fPHgl+jsVPXqqeOzT8egNj2iBIVt+ECeMMG8TdcnTikP3oaBtUVqpT/gYCR68aEBJSF+XbYUxStjbFMqIIA==

"@noble/secp256k1@^1.7.1":
  version "1.7.1"
  resolved "https://registry.npmjs.org/@noble/secp256k1/-/secp256k1-1.7.1.tgz"
  integrity sha512-hOUk6AyBFmqVrv7k5WAw/LpszxVbj9gGN4JRkIX52fdFAj1UA61KXmZDvqVEm+pOyec3+fIeZB02LYa/pWOArw==

asynckit@^0.4.0:
  version "0.4.0"
  resolved "https://registry.npmjs.org/asynckit/-/asynckit-0.4.0.tgz"
  integrity sha512-Oei9OH4tRh0YqU3GxhX79dM/mwVgvbZJaSNaRk+bshkj0S5cfHcgYakreBjrHwatXKbz+IoIdYLxrKim2MjW0Q==

axios@^1.6.2:
  version "1.6.2"
  resolved "https://registry.npmjs.org/axios/-/axios-1.6.2.tgz"
  integrity sha512-7i24Ri4pmDRfJTR7LDBhsOTtcm+9kjX5WiY1X3wIisx6G9So3pfMkEiU7emUBe46oceVImccTEM3k6C5dbVW8A==
  dependencies:
    follow-redirects "^1.15.0"
    form-data "^4.0.0"
    proxy-from-env "^1.1.0"

base-x@^3.0.2:
  version "3.0.9"
  resolved "https://registry.npmjs.org/base-x/-/base-x-3.0.9.tgz"
  integrity sha512-H7JU6iBHTal1gp56aKoaa//YUxEaAOUiydvrV/pILqIHXTtqxSkATOnDA2u+jZ/61sD+L/412+7kzXRtWukhpQ==
  dependencies:
    safe-buffer "^5.0.1"

base-x@^4.0.0:
  version "4.0.0"
  resolved "https://registry.npmjs.org/base-x/-/base-x-4.0.0.tgz"
  integrity sha512-FuwxlW4H5kh37X/oW59pwTzzTKRzfrrQwhmyspRM7swOEZcHtDZSCt45U6oKgtuFE+WYPblePMVIPR4RZrh/hw==

bcrypto@^5.5.2:
  version "5.5.2"
  resolved "https://registry.yarnpkg.com/bcrypto/-/bcrypto-5.5.2.tgz#7568186b31a1cfb142df50b22a87309287708e96"
  integrity sha512-k3PF755oJM0+25iOVuraNedF5XneykxRwl+oBoMeQPfYee4qX8hHQhKCsNZWLthNYgi41GH2ysopd/8sDQDhEw==
  dependencies:
    bufio "~1.0.7"
    loady "~0.0.5"

bdb@^1.5.1:
  version "1.5.1"
  resolved "https://registry.npmjs.org/bdb/-/bdb-1.5.1.tgz"
  integrity sha512-VtXSTtV8fz64Fm1uF84UT461WlmDC3RwKsVamLm/5gSbA2HT4oDz/CGCPMExv9qpcRGd59OkLig61gDfEG+gyA==
  dependencies:
    bsert "~0.0.12"
    loady "~0.0.5"

bech32@^1.1.3:
  version "1.1.4"
  resolved "https://registry.npmjs.org/bech32/-/bech32-1.1.4.tgz"
  integrity sha512-s0IrSOzLlbvX7yp4WBfPITzpAU8sqQcpsmwXDiKwrG4r491vwCO/XpejasRNl0piBMe/DvP4Tz0mIS/X1DPJBQ==

bech32@^2.0.0:
  version "2.0.0"
  resolved "https://registry.npmjs.org/bech32/-/bech32-2.0.0.tgz"
  integrity sha512-LcknSilhIGatDAsY1ak2I8VtGaHNhgMSYVxFrGLXv+xLHytaKZKcaUJJUE7qmBr7h33o5YQwP55pMI0xmkpJwg==

bindings@^1.5.0:
  version "1.5.0"
  resolved "https://registry.npmjs.org/bindings/-/bindings-1.5.0.tgz"
  integrity sha512-p2q/t/mhvuOj/UeLlV6566GD/guowlr0hHxClI0W9m7MWYkL1F0hLo+0Aexs9HSPCtR1SXQ0TD3MMKrXZajbiQ==
  dependencies:
    file-uri-to-path "1.0.0"

bip174@^2.1.1:
  version "2.1.1"
  resolved "https://registry.npmjs.org/bip174/-/bip174-2.1.1.tgz"
  integrity sha512-mdFV5+/v0XyNYXjBS6CQPLo9ekCx4gtKZFnJm5PMto7Fs9hTTDpkkzOB7/FtluRI6JbUUAu+snTYfJRgHLZbZQ==

bip322-js@^1.1.0:
  version "1.1.0"
  resolved "https://registry.npmjs.org/bip322-js/-/bip322-js-1.1.0.tgz"
  integrity sha512-Nxyw4lnhh4qm/zitfagJYpO7HofkABbt7Cce+Wiy4PGeilJ/hOvtqM0pxmTZxMoOhRnvDPZ55NzkFPrsyq43ew==
  dependencies:
    "@bitcoinerlab/secp256k1" "^1.0.2"
    bitcoinjs-lib "^6.1.1"
    bitcoinjs-message "^2.2.0"
    ecpair "^2.1.0"
    fast-sha256 "^1.3.0"
    secp256k1 "^5.0.0"

bip66@^1.1.5:
  version "1.1.5"
  resolved "https://registry.npmjs.org/bip66/-/bip66-1.1.5.tgz"
  integrity sha512-nemMHz95EmS38a26XbbdxIYj5csHd3RMP3H5bwQknX0WYHF01qhpufP42mLOwVICuH2JmhIhXiWs89MfUGL7Xw==
  dependencies:
    safe-buffer "^5.0.1"

bitcoin@^3.0.3:
  version "3.0.3"
  resolved "https://registry.yarnpkg.com/bitcoin/-/bitcoin-3.0.3.tgz#a46b73d8641288a20ade07123285eeb927d4e2ff"
  integrity sha512-ffUbJRG5CmPhEo+AtWTkH7T52jKvTHsDWR8Tg5wac8he/R0BDCh6iyKrCNZDh//9/25sLa/XQ2GMhmdNhFvBsQ==

bitcoinjs-lib@^6.1.1, bitcoinjs-lib@^6.1.5:
  version "6.1.5"
  resolved "https://registry.npmjs.org/bitcoinjs-lib/-/bitcoinjs-lib-6.1.5.tgz"
  integrity sha512-yuf6xs9QX/E8LWE2aMJPNd0IxGofwfuVOiYdNUESkc+2bHHVKjhJd8qewqapeoolh9fihzHGoDCB5Vkr57RZCQ==
  dependencies:
    "@noble/hashes" "^1.2.0"
    bech32 "^2.0.0"
    bip174 "^2.1.1"
    bs58check "^3.0.1"
    typeforce "^1.11.3"
    varuint-bitcoin "^1.1.2"

bitcoinjs-message@^2.2.0:
  version "2.2.0"
  resolved "https://registry.npmjs.org/bitcoinjs-message/-/bitcoinjs-message-2.2.0.tgz"
  integrity sha512-103Wy3xg8Y9o+pdhGP4M3/mtQQuUWs6sPuOp1mYphSUoSMHjHTlkj32K4zxU8qMH0Ckv23emfkGlFWtoWZ7YFA==
  dependencies:
    bech32 "^1.1.3"
    bs58check "^2.1.2"
    buffer-equals "^1.0.3"
    create-hash "^1.1.2"
    secp256k1 "^3.0.1"
    varuint-bitcoin "^1.0.1"

bn.js@^4.11.8, bn.js@^4.11.9:
  version "4.12.0"
  resolved "https://registry.npmjs.org/bn.js/-/bn.js-4.12.0.tgz"
  integrity sha512-c98Bf3tPniI+scsdk237ku1Dc3ujXQTSgyiPUDEOe7tRkhrqridvh8klBv0HCEso1OLOYcHuCv/cS6DNxKH+ZA==

brorand@^1.1.0:
  version "1.1.0"
  resolved "https://registry.npmjs.org/brorand/-/brorand-1.1.0.tgz"
  integrity sha512-cKV8tMCEpQs4hK/ik71d6LrPOnpkpGBR0wzxqr68g2m/LB2GxVYQroAjMJZRVM1Y4BCjCKc3vAamxSzOY2RP+w==

browserify-aes@^1.0.6:
  version "1.2.0"
  resolved "https://registry.npmjs.org/browserify-aes/-/browserify-aes-1.2.0.tgz"
  integrity sha512-+7CHXqGuspUn/Sl5aO7Ea0xWGAtETPXNSAjHo48JfLdPWcMng33Xe4znFvQweqc/uzk5zSOI3H52CYnjCfb5hA==
  dependencies:
    buffer-xor "^1.0.3"
    cipher-base "^1.0.0"
    create-hash "^1.1.0"
    evp_bytestokey "^1.0.3"
    inherits "^2.0.1"
    safe-buffer "^5.0.1"

bs58@^4.0.0:
  version "4.0.1"
  resolved "https://registry.npmjs.org/bs58/-/bs58-4.0.1.tgz"
  integrity sha512-Ok3Wdf5vOIlBrgCvTq96gBkJw+JUEzdBgyaza5HLtPm7yTHkjRy8+JzNyHF7BHa0bNWOQIp3m5YF0nnFcOIKLw==
  dependencies:
    base-x "^3.0.2"

bs58@^5.0.0:
  version "5.0.0"
  resolved "https://registry.npmjs.org/bs58/-/bs58-5.0.0.tgz"
  integrity sha512-r+ihvQJvahgYT50JD05dyJNKlmmSlMoOGwn1lCcEzanPglg7TxYjioQUYehQ9mAR/+hOSd2jRc/Z2y5UxBymvQ==
  dependencies:
    base-x "^4.0.0"

bs58check@<3.0.0, bs58check@^2.1.2:
  version "2.1.2"
  resolved "https://registry.npmjs.org/bs58check/-/bs58check-2.1.2.tgz"
  integrity sha512-0TS1jicxdU09dwJMNZtVAfzPi6Q6QeN0pM1Fkzrjn+XYHvzMKPU3pHVpva+769iNVSfIYWf7LJ6WR+BuuMf8cA==
  dependencies:
    bs58 "^4.0.0"
    create-hash "^1.1.0"
    safe-buffer "^5.1.2"

bs58check@^3.0.1:
  version "3.0.1"
  resolved "https://registry.npmjs.org/bs58check/-/bs58check-3.0.1.tgz"
  integrity sha512-hjuuJvoWEybo7Hn/0xOrczQKKEKD63WguEjlhLExYs2wUBcebDC1jDNK17eEAD2lYfw82d5ASC1d7K3SWszjaQ==
  dependencies:
    "@noble/hashes" "^1.2.0"
    bs58 "^5.0.0"

bsert@~0.0.10, bsert@~0.0.12:
  version "0.0.12"
  resolved "https://registry.npmjs.org/bsert/-/bsert-0.0.12.tgz"
  integrity sha512-lUB0EMu4KhIf+VQ6RZJ7J3dFdohYSeta+gNgDi00Hi/t3k/W6xZlwm9PSSG0q7hJ2zW9Rsn5yaMPymETxroTRw==

bsock@^0.1.11, bsock@~0.1.11:
  version "0.1.11"
  resolved "https://registry.yarnpkg.com/bsock/-/bsock-0.1.11.tgz#7b29cf0f888804728ee729436322fb710fbc9ca2"
  integrity sha512-4COhlKKBfOQOomNvz1hjoPtN5ytpqbxkuCPvIPbYMvaZwNBKpo8dZa1LJjcN3wuAkjIIJLF/fc4o3e1DYiceQw==
  dependencies:
    bsert "~0.0.12"

bstring@^0.3.9:
  version "0.3.9"
  resolved "https://registry.yarnpkg.com/bstring/-/bstring-0.3.9.tgz#dc50294b54e9e767c07ca5592795dcc59ef1bf2e"
  integrity sha512-D95flI7SXL+UsQi9mW+hH+AK2AFfafIJi+3GbbyTAWMe2FqwR9keBxsjGiGd/JM+77Y9WsC+M4EhZVNVcym9jw==
  dependencies:
    bsert "~0.0.10"
    loady "~0.0.1"
    nan "^2.13.1"

buffer-equals@^1.0.3:
  version "1.0.4"
  resolved "https://registry.npmjs.org/buffer-equals/-/buffer-equals-1.0.4.tgz"
  integrity sha512-99MsCq0j5+RhubVEtKQgKaD6EM+UP3xJgIvQqwJ3SOLDUekzxMX1ylXBng+Wa2sh7mGT0W6RUly8ojjr1Tt6nA==

buffer-xor@^1.0.3:
  version "1.0.3"
  resolved "https://registry.npmjs.org/buffer-xor/-/buffer-xor-1.0.3.tgz"
  integrity sha512-571s0T7nZWK6vB67HI5dyUF7wXiNcfaPPPTl6zYCNApANjIvYJTg7hlud/+cJpdAhS7dVzqMLmfhfHR3rAcOjQ==

bufio@~1.0.7:
  version "1.0.7"
  resolved "https://registry.npmjs.org/bufio/-/bufio-1.0.7.tgz"
  integrity sha512-bd1dDQhiC+bEbEfg56IdBv7faWa6OipMs/AFFFvtFnB3wAYjlwQpQRZ0pm6ZkgtfL0pILRXhKxOiQj6UzoMR7A==

bweb@^0.3.0:
  version "0.3.0"
  resolved "https://registry.npmjs.org/bweb/-/bweb-0.3.0.tgz"
  integrity sha512-FOBSCnNj+l2j+LfQXt1Rnsx+ZuTGaRjLELT+wo+KXFNsW0ZSJmrJnd29HjEOG9ZJZnmIjAjtTGzvpGxcFume7g==
  dependencies:
    bsert "~0.0.12"
    bsock "~0.1.11"

cbor@^9.0.1:
  version "9.0.1"
  resolved "https://registry.yarnpkg.com/cbor/-/cbor-9.0.1.tgz#b16e393d4948d44758cd54ac6151379d443b37ae"
  integrity sha512-/TQOWyamDxvVIv+DY9cOLNuABkoyz8K/F3QE56539pGVYohx0+MEA1f4lChFTX79dBTBS7R1PF6ovH7G+VtBfQ==
  dependencies:
    nofilter "^3.1.0"

cipher-base@^1.0.0, cipher-base@^1.0.1, cipher-base@^1.0.3:
  version "1.0.4"
  resolved "https://registry.npmjs.org/cipher-base/-/cipher-base-1.0.4.tgz"
  integrity sha512-Kkht5ye6ZGmwv40uUDZztayT2ThLQGfnj/T71N/XzeZeo3nf8foyW7zGTsPYkEya3m5f3cAypH+qe7YOrM1U2Q==
  dependencies:
    inherits "^2.0.1"
    safe-buffer "^5.0.1"

combined-stream@^1.0.8:
  version "1.0.8"
  resolved "https://registry.npmjs.org/combined-stream/-/combined-stream-1.0.8.tgz"
  integrity sha512-FQN4MRfuJeHf7cBbBMJFXhKSDq+2kAArBlmRBvcvFE5BB1HZKXtSFASDhdlz9zOYwxh8lDdnvmMOe/+5cdoEdg==
  dependencies:
    delayed-stream "~1.0.0"

create-hash@^1.1.0, create-hash@^1.1.2, create-hash@^1.2.0:
  version "1.2.0"
  resolved "https://registry.npmjs.org/create-hash/-/create-hash-1.2.0.tgz"
  integrity sha512-z00bCGNHDG8mHAkP7CtT1qVu+bFQUPjYq/4Iv3C3kWjTFV10zIjfSoeqXo9Asws8gwSHDGj/hl2u4OGIjapeCg==
  dependencies:
    cipher-base "^1.0.1"
    inherits "^2.0.1"
    md5.js "^1.3.4"
    ripemd160 "^2.0.1"
    sha.js "^2.4.0"

create-hmac@^1.1.4:
  version "1.1.7"
  resolved "https://registry.npmjs.org/create-hmac/-/create-hmac-1.1.7.tgz"
  integrity sha512-MJG9liiZ+ogc4TzUwuvbER1JRdgvUFSB5+VR/g5h82fGaIRWMWddtKBHi7/sVhfjQZ6SehlyhvQYrcYkaUIpLg==
  dependencies:
    cipher-base "^1.0.3"
    create-hash "^1.1.0"
    inherits "^2.0.1"
    ripemd160 "^2.0.0"
    safe-buffer "^5.0.1"
    sha.js "^2.4.8"

delayed-stream@~1.0.0:
  version "1.0.0"
  resolved "https://registry.npmjs.org/delayed-stream/-/delayed-stream-1.0.0.tgz"
  integrity sha512-ZySD7Nf91aLB0RxL4KGrKHBXl7Eds1DAmEdcoVawXnLD7SDhpNgtuII2aAkg7a7QS41jxPSZ17p4VdGnMHk3MQ==

drbg.js@^1.0.1:
  version "1.0.1"
  resolved "https://registry.npmjs.org/drbg.js/-/drbg.js-1.0.1.tgz"
  integrity sha512-F4wZ06PvqxYLFEZKkFxTDcns9oFNk34hvmJSEwdzsxVQ8YI5YaxtACgQatkYgv2VI2CFkUd2Y+xosPQnHv809g==
  dependencies:
    browserify-aes "^1.0.6"
    create-hash "^1.1.2"
    create-hmac "^1.1.4"

ecpair@^2.1.0:
  version "2.1.0"
  resolved "https://registry.npmjs.org/ecpair/-/ecpair-2.1.0.tgz"
  integrity sha512-cL/mh3MtJutFOvFc27GPZE2pWL3a3k4YvzUWEOvilnfZVlH3Jwgx/7d6tlD7/75tNk8TG2m+7Kgtz0SI1tWcqw==
  dependencies:
    randombytes "^2.1.0"
    typeforce "^1.18.0"
    wif "^2.0.6"

elliptic@^6.5.2, elliptic@^6.5.4:
  version "6.5.4"
  resolved "https://registry.npmjs.org/elliptic/-/elliptic-6.5.4.tgz"
  integrity sha512-iLhC6ULemrljPZb+QutR5TQGB+pdW6KGD5RSegS+8sorOZT+rdQFbsQFJgvN3eRqNALqJer4oQ16YvJHlU8hzQ==
  dependencies:
    bn.js "^4.11.9"
    brorand "^1.1.0"
    hash.js "^1.0.0"
    hmac-drbg "^1.0.1"
    inherits "^2.0.4"
    minimalistic-assert "^1.0.1"
    minimalistic-crypto-utils "^1.0.1"

evp_bytestokey@^1.0.3:
  version "1.0.3"
  resolved "https://registry.npmjs.org/evp_bytestokey/-/evp_bytestokey-1.0.3.tgz"
  integrity sha512-/f2Go4TognH/KvCISP7OUsHn85hT9nUkxxA9BEWxFn+Oj9o8ZNLm/40hdlgSLyuOimsrTKLUMEorQexp/aPQeA==
  dependencies:
    md5.js "^1.3.4"
    safe-buffer "^5.1.1"

fast-sha256@^1.3.0:
  version "1.3.0"
  resolved "https://registry.npmjs.org/fast-sha256/-/fast-sha256-1.3.0.tgz"
  integrity sha512-n11RGP/lrWEFI/bWdygLxhI+pVeo1ZYIVwvvPkW7azl/rOy+F3HYRZ2K5zeE9mmkhQppyv9sQFx0JM9UabnpPQ==

faye-websocket@^0.11.4:
  version "0.11.4"
  resolved "https://registry.yarnpkg.com/faye-websocket/-/faye-websocket-0.11.4.tgz#7f0d9275cfdd86a1c963dc8b65fcc451edcbb1da"
  integrity sha512-CzbClwlXAuiRQAlUyfqPgvPoNKTckTPGfwZV4ZdAhVcP2lh9KUxJg2b5GkE7XbjKQ3YJnQ9z6D9ntLAlB+tP8g==
  dependencies:
    websocket-driver ">=0.5.1"

file-uri-to-path@1.0.0:
  version "1.0.0"
  resolved "https://registry.npmjs.org/file-uri-to-path/-/file-uri-to-path-1.0.0.tgz"
  integrity sha512-0Zt+s3L7Vf1biwWZ29aARiVYLx7iMGnEUl9x33fbB/j3jR81u/O2LbqK+Bm1CDSNDKVtJ/YjwY7TUd5SkeLQLw==

follow-redirects@^1.15.0:
  version "1.15.3"
  resolved "https://registry.npmjs.org/follow-redirects/-/follow-redirects-1.15.3.tgz"
  integrity sha512-1VzOtuEM8pC9SFU1E+8KfTjZyMztRsgEfwQl44z8A25uy13jSzTj6dyK2Df52iV0vgHCfBwLhDWevLn95w5v6Q==

form-data@^4.0.0:
  version "4.0.0"
  resolved "https://registry.npmjs.org/form-data/-/form-data-4.0.0.tgz"
  integrity sha512-ETEklSGi5t0QMZuiXoA/Q6vcnxcLQP5vdugSpuAyi6SVGi2clPPp+xgEhuMaHC+zGgn31Kd235W35f7Hykkaww==
  dependencies:
    asynckit "^0.4.0"
    combined-stream "^1.0.8"
    mime-types "^2.1.12"

hash-base@^3.0.0:
  version "3.1.0"
  resolved "https://registry.npmjs.org/hash-base/-/hash-base-3.1.0.tgz"
  integrity sha512-1nmYp/rhMDiE7AYkDw+lLwlAzz0AntGIe51F3RfFfEqyQ3feY2eI/NcwC6umIQVOASPMsWJLJScWKSSvzL9IVA==
  dependencies:
    inherits "^2.0.4"
    readable-stream "^3.6.0"
    safe-buffer "^5.2.0"

hash.js@^1.0.0, hash.js@^1.0.3:
  version "1.1.7"
  resolved "https://registry.npmjs.org/hash.js/-/hash.js-1.1.7.tgz"
  integrity sha512-taOaskGt4z4SOANNseOviYDvjEJinIkRgmp7LbKP2YTTmVxWBl87s/uzK9r+44BclBSp2X7K1hqeNfz9JbBeXA==
  dependencies:
    inherits "^2.0.3"
    minimalistic-assert "^1.0.1"

hmac-drbg@^1.0.1:
  version "1.0.1"
  resolved "https://registry.npmjs.org/hmac-drbg/-/hmac-drbg-1.0.1.tgz"
  integrity sha512-Tti3gMqLdZfhOQY1Mzf/AanLiqh1WTiJgEj26ZuYQ9fbkLomzGchCws4FyrSd4VkpBfiNhaE1On+lOz894jvXg==
  dependencies:
    hash.js "^1.0.3"
    minimalistic-assert "^1.0.0"
    minimalistic-crypto-utils "^1.0.1"

http-parser-js@>=0.5.1:
  version "0.5.8"
  resolved "https://registry.yarnpkg.com/http-parser-js/-/http-parser-js-0.5.8.tgz#af23090d9ac4e24573de6f6aecc9d84a48bf20e3"
  integrity sha512-SGeBX54F94Wgu5RH3X5jsDtf4eHyRogWX1XGT3b4HuW3tQPM4AaBzoUji/4AAJNXCEOWZ5O0DgZmJw1947gD5Q==

inherits@^2.0.1, inherits@^2.0.3, inherits@^2.0.4:
  version "2.0.4"
  resolved "https://registry.npmjs.org/inherits/-/inherits-2.0.4.tgz"
  integrity sha512-k/vGaX4/Yla3WzyMCvTQOXYeIHvqOKtnqBduzTHpzpQZzAskKMhZ2K+EnBiSM9zGSoIFeMpXKxa4dYeZIQqewQ==

loady@~0.0.1, loady@~0.0.5:
  version "0.0.5"
  resolved "https://registry.npmjs.org/loady/-/loady-0.0.5.tgz"
  integrity sha512-uxKD2HIj042/HBx77NBcmEPsD+hxCgAtjEWlYNScuUjIsh/62Uyu39GOR68TBR68v+jqDL9zfftCWoUo4y03sQ==

md5.js@^1.3.4:
  version "1.3.5"
  resolved "https://registry.npmjs.org/md5.js/-/md5.js-1.3.5.tgz"
  integrity sha512-xitP+WxNPcTTOgnTJcrhM0xvdPepipPSf3I8EIpGKeFLjt3PlJLIDG3u8EX53ZIubkb+5U2+3rELYpEhHhzdkg==
  dependencies:
    hash-base "^3.0.0"
    inherits "^2.0.1"
    safe-buffer "^5.1.2"

mime-db@1.52.0:
  version "1.52.0"
  resolved "https://registry.npmjs.org/mime-db/-/mime-db-1.52.0.tgz"
  integrity sha512-sPU4uV7dYlvtWJxwwxHD0PuihVNiE7TyAbQ5SWxDCB9mUYvOgroQOwYQQOKPJ8CIbE+1ETVlOoK1UC2nU3gYvg==

mime-types@^2.1.12:
  version "2.1.35"
  resolved "https://registry.npmjs.org/mime-types/-/mime-types-2.1.35.tgz"
  integrity sha512-ZDY+bPm5zTTF+YpCrAU9nK0UgICYPT0QtT1NZWFv4s++TNkcgVaT0g6+4R2uI4MjQjzysHB1zxuWL50hzaeXiw==
  dependencies:
    mime-db "1.52.0"

minimalistic-assert@^1.0.0, minimalistic-assert@^1.0.1:
  version "1.0.1"
  resolved "https://registry.npmjs.org/minimalistic-assert/-/minimalistic-assert-1.0.1.tgz"
  integrity sha512-UtJcAD4yEaGtjPezWuO9wC4nwUnVH/8/Im3yEHQP4b67cXlD/Qr9hdITCU1xDbSEXg2XKNaP8jsReV7vQd00/A==

minimalistic-crypto-utils@^1.0.1:
  version "1.0.1"
  resolved "https://registry.npmjs.org/minimalistic-crypto-utils/-/minimalistic-crypto-utils-1.0.1.tgz"
  integrity sha512-JIYlbt6g8i5jKfJ3xz7rF0LXmv2TkDxBLUkiBeZ7bAx4GnnNMr8xFpGnOxn6GhTEHx3SjRrZEoU+j04prX1ktg==

nan@^2.13.1, nan@^2.14.0:
  version "2.18.0"
  resolved "https://registry.npmjs.org/nan/-/nan-2.18.0.tgz"
  integrity sha512-W7tfG7vMOGtD30sHoZSSc/JVYiyDPEyQVso/Zz+/uQd0B0L46gtC+pHha5FFMRpil6fm/AoEcRWyOVi4+E/f8w==

node-addon-api@^5.0.0:
  version "5.1.0"
  resolved "https://registry.npmjs.org/node-addon-api/-/node-addon-api-5.1.0.tgz"
  integrity sha512-eh0GgfEkpnoWDq+VY8OyvYhFEzBk6jIYbRKdIlyTiAXIVJ8PyBaKb0rp7oDtoddbdoHWhq8wwr+XZ81F1rpNdA==

node-gyp-build@^4.2.0:
  version "4.7.1"
  resolved "https://registry.npmjs.org/node-gyp-build/-/node-gyp-build-4.7.1.tgz"
  integrity sha512-wTSrZ+8lsRRa3I3H8Xr65dLWSgCvY2l4AOnaeKdPA9TB/WYMPaTcrzf3rXvFoVvjKNVnu0CcWSx54qq9GKRUYg==

nofilter@^3.1.0:
  version "3.1.0"
  resolved "https://registry.yarnpkg.com/nofilter/-/nofilter-3.1.0.tgz#c757ba68801d41ff930ba2ec55bab52ca184aa66"
  integrity sha512-l2NNj07e9afPnhAhvgVrCD/oy2Ai1yfLpuo3EpiO1jFTsB4sFz6oIfAfSZyQzVpkZQ9xS8ZS5g1jCBgq4Hwo0g==

proxy-from-env@^1.1.0:
  version "1.1.0"
  resolved "https://registry.npmjs.org/proxy-from-env/-/proxy-from-env-1.1.0.tgz"
  integrity sha512-D+zkORCbA9f1tdWRK0RaCR3GPv50cMxcrz4X8k5LTSUD1Dkw47mKJEZQNunItRTkWwgtaUSo1RVFRIG9ZXiFYg==

randombytes@^2.1.0:
  version "2.1.0"
  resolved "https://registry.npmjs.org/randombytes/-/randombytes-2.1.0.tgz"
  integrity sha512-vYl3iOX+4CKUWuxGi9Ukhie6fsqXqS9FE2Zaic4tNFD2N2QQaXOMFbuKK4QmDHC0JO6B1Zp41J0LpT0oR68amQ==
  dependencies:
    safe-buffer "^5.1.0"

readable-stream@^3.6.0:
  version "3.6.2"
  resolved "https://registry.npmjs.org/readable-stream/-/readable-stream-3.6.2.tgz"
  integrity sha512-9u/sniCrY3D5WdsERHzHE4G2YCXqoG5FTHUiCC4SIbr6XcLZBY05ya9EKjYek9O5xOAwjGq+1JdGBAS7Q9ScoA==
  dependencies:
    inherits "^2.0.3"
    string_decoder "^1.1.1"
    util-deprecate "^1.0.1"

ripemd160@^2.0.0, ripemd160@^2.0.1:
  version "2.0.2"
  resolved "https://registry.npmjs.org/ripemd160/-/ripemd160-2.0.2.tgz"
  integrity sha512-ii4iagi25WusVoiC4B4lq7pbXfAp3D9v5CwfkY33vffw2+pkDjY1D8GaN7spsxvCSx8dkPqOZCEZyfxcmJG2IA==
  dependencies:
    hash-base "^3.0.0"
    inherits "^2.0.1"

safe-buffer@>=5.1.0, safe-buffer@^5.0.1, safe-buffer@^5.1.0, safe-buffer@^5.1.1, safe-buffer@^5.1.2, safe-buffer@^5.2.0, safe-buffer@~5.2.0:
  version "5.2.1"
  resolved "https://registry.npmjs.org/safe-buffer/-/safe-buffer-5.2.1.tgz"
  integrity sha512-rp3So07KcdmmKbGvgaNxQSJr7bGVSVk5S9Eq1F+ppbRo70+YeaDxkw5Dd8NPN+GD6bjnYm2VuPuCXmpuYvmCXQ==

secp256k1@^3.0.1:
  version "3.8.0"
  resolved "https://registry.npmjs.org/secp256k1/-/secp256k1-3.8.0.tgz"
  integrity sha512-k5ke5avRZbtl9Tqx/SA7CbY3NF6Ro+Sj9cZxezFzuBlLDmyqPiL8hJJ+EmzD8Ig4LUDByHJ3/iPOVoRixs/hmw==
  dependencies:
    bindings "^1.5.0"
    bip66 "^1.1.5"
    bn.js "^4.11.8"
    create-hash "^1.2.0"
    drbg.js "^1.0.1"
    elliptic "^6.5.2"
    nan "^2.14.0"
    safe-buffer "^5.1.2"

secp256k1@^5.0.0:
  version "5.0.0"
  resolved "https://registry.npmjs.org/secp256k1/-/secp256k1-5.0.0.tgz"
  integrity sha512-TKWX8xvoGHrxVdqbYeZM9w+izTF4b9z3NhSaDkdn81btvuh+ivbIMGT/zQvDtTFWhRlThpoz6LEYTr7n8A5GcA==
  dependencies:
    elliptic "^6.5.4"
    node-addon-api "^5.0.0"
    node-gyp-build "^4.2.0"

sha.js@^2.4.0, sha.js@^2.4.8:
  version "2.4.11"
  resolved "https://registry.npmjs.org/sha.js/-/sha.js-2.4.11.tgz"
  integrity sha512-QMEp5B7cftE7APOjk5Y6xgrbWu+WkLVQwk8JNjZ8nKRciZaByEW6MubieAiToS7+dwvrjGhH8jRXz3MVd0AYqQ==
  dependencies:
    inherits "^2.0.1"
    safe-buffer "^5.0.1"

string_decoder@^1.1.1:
  version "1.3.0"
  resolved "https://registry.npmjs.org/string_decoder/-/string_decoder-1.3.0.tgz"
  integrity sha512-hkRX8U1WjJFd8LsDJ2yQ/wWWxaopEsABU1XfkM8A+j0+85JAGppt16cr1Whg6KIbb4okU6Mql6BOj+uup/wKeA==
  dependencies:
    safe-buffer "~5.2.0"

tiny-secp256k1@^2.2.3:
  version "2.2.3"
  resolved "https://registry.npmjs.org/tiny-secp256k1/-/tiny-secp256k1-2.2.3.tgz"
  integrity sha512-SGcL07SxcPN2nGKHTCvRMkQLYPSoeFcvArUSCYtjVARiFAWU44cCIqYS0mYAU6nY7XfvwURuTIGo2Omt3ZQr0Q==
  dependencies:
    uint8array-tools "0.0.7"

typeforce@^1.11.3, typeforce@^1.18.0:
  version "1.18.0"
  resolved "https://registry.npmjs.org/typeforce/-/typeforce-1.18.0.tgz"
  integrity sha512-7uc1O8h1M1g0rArakJdf0uLRSSgFcYexrVoKo+bzJd32gd4gDy2L/Z+8/FjPnU9ydY3pEnVPtr9FyscYY60K1g==

uint8array-tools@0.0.7:
  version "0.0.7"
  resolved "https://registry.npmjs.org/uint8array-tools/-/uint8array-tools-0.0.7.tgz"
  integrity sha512-vrrNZJiusLWoFWBqz5Y5KMCgP9W9hnjZHzZiZRT8oNAkq3d5Z5Oe76jAvVVSRh4U8GGR90N2X1dWtrhvx6L8UQ==

util-deprecate@^1.0.1:
  version "1.0.2"
  resolved "https://registry.npmjs.org/util-deprecate/-/util-deprecate-1.0.2.tgz"
  integrity sha512-EPD5q1uXyFxJpCrLnCc1nHnq3gOa6DZBocAIiI2TaSCA7VCJ1UJDMagCzIkXNsUYfD1daK//LTEQ8xiIbrHtcw==

varuint-bitcoin@^1.0.1, varuint-bitcoin@^1.1.2:
  version "1.1.2"
  resolved "https://registry.npmjs.org/varuint-bitcoin/-/varuint-bitcoin-1.1.2.tgz"
  integrity sha512-4EVb+w4rx+YfVM32HQX42AbbT7/1f5zwAYhIujKXKk8NQK+JfRVl3pqT3hjNn/L+RstigmGGKVwHA/P0wgITZw==
  dependencies:
    safe-buffer "^5.1.1"

websocket-driver@>=0.5.1:
  version "0.7.4"
  resolved "https://registry.yarnpkg.com/websocket-driver/-/websocket-driver-0.7.4.tgz#89ad5295bbf64b480abcba31e4953aca706f5760"
  integrity sha512-b17KeDIQVjvb0ssuSDF2cYXSg2iztliJ4B9WdsuB6J952qCPKmnVq4DyW5motImXHDC1cBT/1UezrJVsKw5zjg==
  dependencies:
    http-parser-js ">=0.5.1"
    safe-buffer ">=5.1.0"
    websocket-extensions ">=0.1.1"

websocket-extensions@>=0.1.1:
  version "0.1.4"
  resolved "https://registry.yarnpkg.com/websocket-extensions/-/websocket-extensions-0.1.4.tgz#7f8473bc839dfd87608adb95d7eb075211578a42"
  integrity sha512-OqedPIGOfsDlo31UNwYbCFMSaO9m9G/0faIHj5/dZFDMFqPTcx6UwqyOy3COEaEOg/9VsGIpdqn62W5KhoKSpg==

wif@^2.0.6:
  version "2.0.6"
  resolved "https://registry.npmjs.org/wif/-/wif-2.0.6.tgz"
  integrity sha512-HIanZn1zmduSF+BQhkE+YXIbEiH0xPr1012QbFEGB0xsKqJii0/SqJjyn8dFv6y36kOznMgMB+LGcbZTJ1xACQ==
  dependencies:
    bs58check "<3.0.0"

ws@^8.16.0:
  version "8.16.0"
  resolved "https://registry.yarnpkg.com/ws/-/ws-8.16.0.tgz#d1cd774f36fbc07165066a60e40323eab6446fd4"
  integrity sha512-HS0c//TP7Ina87TfiPUz1rQzMhHrl/SG2guqRcTOIUYD2q8uhUdNHZYJUaQ8aTGPzCh+c6oawMKW35nFl1dxyQ==
